
Microsoft Visual Studio Solution File, Format Version 12.00
# Visual Studio Version 17
VisualStudioVersion = 17.0.31903.59
MinimumVisualStudioVersion = 10.0.40219.1
Project("{FAE04EC0-301F-11D3-BF4B-00C04F79EFBC}") = "Api", "Api\Api.csproj", "{93141571-CE94-46B1-8129-46371E003D25}"
EndProject
Project("{FAE04EC0-301F-11D3-BF4B-00C04F79EFBC}") = "Dal", "Dal\Dal.csproj", "{B85B6E5C-0FF8-4FF6-BFE0-E95A25451406}"
EndProject
Project("{FAE04EC0-301F-11D3-BF4B-00C04F79EFBC}") = "Logic", "Logic\Logic.csproj", "{22BF1B4E-C487-40FE-A5DA-92CF78FCE300}"
EndProject
Global
	GlobalSection(SolutionConfigurationPlatforms) = preSolution
		Debug|Any CPU = Debug|Any CPU
		Release|Any CPU = Release|Any CPU
	EndGlobalSection
	GlobalSection(SolutionProperties) = preSolution
		HideSolutionNode = FALSE
	EndGlobalSection
	GlobalSection(ProjectConfigurationPlatforms) = postSolution
		{93141571-CE94-46B1-8129-46371E003D25}.Debug|Any CPU.ActiveCfg = Debug|Any CPU
		{93141571-CE94-46B1-8129-46371E003D25}.Debug|Any CPU.Build.0 = Debug|Any CPU
		{93141571-CE94-46B1-8129-46371E003D25}.Release|Any CPU.ActiveCfg = Release|Any CPU
		{93141571-CE94-46B1-8129-46371E003D25}.Release|Any CPU.Build.0 = Release|Any CPU
		{B85B6E5C-0FF8-4FF6-BFE0-E95A25451406}.Debug|Any CPU.ActiveCfg = Debug|Any CPU
		{B85B6E5C-0FF8-4FF6-BFE0-E95A25451406}.Debug|Any CPU.Build.0 = Debug|Any CPU
		{B85B6E5C-0FF8-4FF6-BFE0-E95A25451406}.Release|Any CPU.ActiveCfg = Release|Any CPU
		{B85B6E5C-0FF8-4FF6-BFE0-E95A25451406}.Release|Any CPU.Build.0 = Release|Any CPU
		{22BF1B4E-C487-40FE-A5DA-92CF78FCE300}.Debug|Any CPU.ActiveCfg = Debug|Any CPU
		{22BF1B4E-C487-40FE-A5DA-92CF78FCE300}.Debug|Any CPU.Build.0 = Debug|Any CPU
		{22BF1B4E-C487-40FE-A5DA-92CF78FCE300}.Release|Any CPU.ActiveCfg = Release|Any CPU
		{22BF1B4E-C487-40FE-A5DA-92CF78FCE300}.Release|Any CPU.Build.0 = Release|Any CPU
	EndGlobalSection
EndGlobal
